
Microsoft Visual Studio Solution File, Format Version 12.00
# Visual Studio Version 16
VisualStudioVersion = 16.0.35026.282
MinimumVisualStudioVersion = 10.0.40219.1
Project("{FAE04EC0-301F-11D3-BF4B-00C04F79EFBC}") = "EX9", "EX9.csproj", "{57103363-854C-4913-ABA4-41CC4FE69E55}"
EndProject
Global
	GlobalSection(SolutionConfigurationPlatforms) = preSolution
		Debug|Any CPU = Debug|Any CPU
		Release|Any CPU = Release|Any CPU
	EndGlobalSection
	GlobalSection(ProjectConfigurationPlatforms) = postSolution
		{57103363-854C-4913-ABA4-41CC4FE69E55}.Debug|Any CPU.ActiveCfg = Debug|Any CPU
		{57103363-854C-4913-ABA4-41CC4FE69E55}.Debug|Any CPU.Build.0 = Debug|Any CPU
		{57103363-854C-4913-ABA4-41CC4FE69E55}.Release|Any CPU.ActiveCfg = Release|Any CPU
		{57103363-854C-4913-ABA4-41CC4FE69E55}.Release|Any CPU.Build.0 = Release|Any CPU
	EndGlobalSection
	GlobalSection(SolutionProperties) = preSolution
		HideSolutionNode = FALSE
	EndGlobalSection
	GlobalSection(ExtensibilityGlobals) = postSolution
		SolutionGuid = {ACC5CBC2-238D-4034-9D0C-073545B4C69C}
	EndGlobalSection
EndGlobal
